
Microsoft Visual Studio Solution File, Format Version 12.00
# Visual Studio Version 16
VisualStudioVersion = 16.0.30517.126
MinimumVisualStudioVersion = 10.0.40219.1
Project("{FAE04EC0-301F-11D3-BF4B-00C04F79EFBC}") = "NETD3202-Lab1", "NETD3202-Lab1\NETD3202-Lab1.csproj", "{637313F0-E849-4D02-860A-0E13CA7C0DAB}"
EndProject
Global
	GlobalSection(SolutionConfigurationPlatforms) = preSolution
		Debug|Any CPU = Debug|Any CPU
		Release|Any CPU = Release|Any CPU
	EndGlobalSection
	GlobalSection(ProjectConfigurationPlatforms) = postSolution
		{637313F0-E849-4D02-860A-0E13CA7C0DAB}.Debug|Any CPU.ActiveCfg = Debug|Any CPU
		{637313F0-E849-4D02-860A-0E13CA7C0DAB}.Debug|Any CPU.Build.0 = Debug|Any CPU
		{637313F0-E849-4D02-860A-0E13CA7C0DAB}.Release|Any CPU.ActiveCfg = Release|Any CPU
		{637313F0-E849-4D02-860A-0E13CA7C0DAB}.Release|Any CPU.Build.0 = Release|Any CPU
	EndGlobalSection
	GlobalSection(SolutionProperties) = preSolution
		HideSolutionNode = FALSE
	EndGlobalSection
	GlobalSection(ExtensibilityGlobals) = postSolution
		SolutionGuid = {8C6209D5-E247-419B-BBE3-831BC50C6E60}
	EndGlobalSection
EndGlobal
